// !$*UTF8*$!
{
	archiveVersion = 1;
	classes = {
	};
	objectVersion = 50;
	objects = {

/* Begin PBXBuildFile section */
		3465D1D4255985A8001D119F /* FirstApp.swift in Sources */ = {isa = PBXBuildFile; fileRef = 3465D1D3255985A8001D119F /* FirstApp.swift */; };
		3465D1D6255985A8001D119F /* LandmarkDetail.swift in Sources */ = {isa = PBXBuildFile; fileRef = 3465D1D5255985A8001D119F /* LandmarkDetail.swift */; };
		3465D1D8255985AA001D119F /* Assets.xcassets in Resources */ = {isa = PBXBuildFile; fileRef = 3465D1D7255985AA001D119F /* Assets.xcassets */; };
		3465D1DB255985AA001D119F /* Preview Assets.xcassets in Resources */ = {isa = PBXBuildFile; fileRef = 3465D1DA255985AA001D119F /* Preview Assets.xcassets */; };
		3465D1E6255985AB001D119F /* FirstAppTests.swift in Sources */ = {isa = PBXBuildFile; fileRef = 3465D1E5255985AB001D119F /* FirstAppTests.swift */; };
		3465D1F1255985AB001D119F /* FirstAppUITests.swift in Sources */ = {isa = PBXBuildFile; fileRef = 3465D1F0255985AB001D119F /* FirstAppUITests.swift */; };
		3465D20A25598723001D119F /* CircleImage.swift in Sources */ = {isa = PBXBuildFile; fileRef = 3465D20925598723001D119F /* CircleImage.swift */; };
		3465D20F255987BE001D119F /* MapView.swift in Sources */ = {isa = PBXBuildFile; fileRef = 3465D20E255987BE001D119F /* MapView.swift */; };
		3465D21525598975001D119F /* Landmark.swift in Sources */ = {isa = PBXBuildFile; fileRef = 3465D21425598975001D119F /* Landmark.swift */; };
		3465D22B25598B88001D119F /* landmarkData.json in Resources */ = {isa = PBXBuildFile; fileRef = 3465D21E25598B87001D119F /* landmarkData.json */; };
		3465D23B25598B98001D119F /* Data.swift in Sources */ = {isa = PBXBuildFile; fileRef = 3465D23A25598B98001D119F /* Data.swift */; };
		3465D24325598C35001D119F /* LandmarkRow.swift in Sources */ = {isa = PBXBuildFile; fileRef = 3465D24225598C35001D119F /* LandmarkRow.swift */; };
		3465D24825598CBF001D119F /* LandmarkList.swift in Sources */ = {isa = PBXBuildFile; fileRef = 3465D24725598CBF001D119F /* LandmarkList.swift */; };
		3465D2872559B4BE001D119F /* lakemcdonald.jpg in Resources */ = {isa = PBXBuildFile; fileRef = 3465D27B2559B4BD001D119F /* lakemcdonald.jpg */; };
		3465D2882559B4BE001D119F /* hiddenlake.jpg in Resources */ = {isa = PBXBuildFile; fileRef = 3465D27C2559B4BD001D119F /* hiddenlake.jpg */; };
		3465D2892559B4BE001D119F /* chincoteague.jpg in Resources */ = {isa = PBXBuildFile; fileRef = 3465D27D2559B4BD001D119F /* chincoteague.jpg */; };
		3465D28A2559B4BE001D119F /* silversalmoncreek.jpg in Resources */ = {isa = PBXBuildFile; fileRef = 3465D27E2559B4BD001D119F /* silversalmoncreek.jpg */; };
		3465D28B2559B4BE001D119F /* stmarylake.jpg in Resources */ = {isa = PBXBuildFile; fileRef = 3465D27F2559B4BD001D119F /* stmarylake.jpg */; };
		3465D28C2559B4BE001D119F /* turtlerock.jpg in Resources */ = {isa = PBXBuildFile; fileRef = 3465D2802559B4BD001D119F /* turtlerock.jpg */; };
		3465D28D2559B4BE001D119F /* twinlake.jpg in Resources */ = {isa = PBXBuildFile; fileRef = 3465D2812559B4BE001D119F /* twinlake.jpg */; };
		3465D28E2559B4BE001D119F /* umbagog.jpg in Resources */ = {isa = PBXBuildFile; fileRef = 3465D2822559B4BE001D119F /* umbagog.jpg */; };
		3465D28F2559B4BE001D119F /* chilkoottrail.jpg in Resources */ = {isa = PBXBuildFile; fileRef = 3465D2832559B4BE001D119F /* chilkoottrail.jpg */; };
		3465D2902559B4BE001D119F /* icybay.jpg in Resources */ = {isa = PBXBuildFile; fileRef = 3465D2842559B4BE001D119F /* icybay.jpg */; };
		3465D2912559B4BE001D119F /* charleyrivers.jpg in Resources */ = {isa = PBXBuildFile; fileRef = 3465D2852559B4BE001D119F /* charleyrivers.jpg */; };
		3465D2922559B4BE001D119F /* rainbowlake.jpg in Resources */ = {isa = PBXBuildFile; fileRef = 3465D2862559B4BE001D119F /* rainbowlake.jpg */; };
		3465D297255A32B7001D119F /* UserData.swift in Sources */ = {isa = PBXBuildFile; fileRef = 3465D296255A32B7001D119F /* UserData.swift */; };
		3465D29C255A3517001D119F /* AppDelegate.swift in Sources */ = {isa = PBXBuildFile; fileRef = 3465D29B255A3517001D119F /* AppDelegate.swift */; };
		3465D2A1255A3539001D119F /* SceneDelegate.swift in Sources */ = {isa = PBXBuildFile; fileRef = 3465D2A0255A3539001D119F /* SceneDelegate.swift */; };
		3465D2BA255AEBCF001D119F /* TestView1.swift in Sources */ = {isa = PBXBuildFile; fileRef = 3465D2B9255AEBCF001D119F /* TestView1.swift */; };
		3465D2C2255AEBDA001D119F /* TestView2.swift in Sources */ = {isa = PBXBuildFile; fileRef = 3465D2C1255AEBDA001D119F /* TestView2.swift */; };
/* End PBXBuildFile section */

/* Begin PBXContainerItemProxy section */
		3465D1E2255985AB001D119F /* PBXContainerItemProxy */ = {
			isa = PBXContainerItemProxy;
			containerPortal = 3465D1C8255985A8001D119F /* Project object */;
			proxyType = 1;
			remoteGlobalIDString = 3465D1CF255985A8001D119F;
			remoteInfo = FirstApp;
		};
		3465D1ED255985AB001D119F /* PBXContainerItemProxy */ = {
			isa = PBXContainerItemProxy;
			containerPortal = 3465D1C8255985A8001D119F /* Project object */;
			proxyType = 1;
			remoteGlobalIDString = 3465D1CF255985A8001D119F;
			remoteInfo = FirstApp;
		};
/* End PBXContainerItemProxy section */

/* Begin PBXFileReference section */
		3465D1D0255985A8001D119F /* FirstApp.app */ = {isa = PBXFileReference; explicitFileType = wrapper.application; includeInIndex = 0; path = FirstApp.app; sourceTree = BUILT_PRODUCTS_DIR; };
		3465D1D3255985A8001D119F /* FirstApp.swift */ = {isa = PBXFileReference; lastKnownFileType = sourcecode.swift; path = FirstApp.swift; sourceTree = "<group>"; };
		3465D1D5255985A8001D119F /* LandmarkDetail.swift */ = {isa = PBXFileReference; lastKnownFileType = sourcecode.swift; path = LandmarkDetail.swift; sourceTree = "<group>"; };
		3465D1D7255985AA001D119F /* Assets.xcassets */ = {isa = PBXFileReference; lastKnownFileType = folder.assetcatalog; path = Assets.xcassets; sourceTree = "<group>"; };
		3465D1DA255985AA001D119F /* Preview Assets.xcassets */ = {isa = PBXFileReference; lastKnownFileType = folder.assetcatalog; path = "Preview Assets.xcassets"; sourceTree = "<group>"; };
		3465D1DC255985AA001D119F /* Info.plist */ = {isa = PBXFileReference; lastKnownFileType = text.plist.xml; path = Info.plist; sourceTree = "<group>"; };
		3465D1E1255985AB001D119F /* FirstAppTests.xctest */ = {isa = PBXFileReference; explicitFileType = wrapper.cfbundle; includeInIndex = 0; path = FirstAppTests.xctest; sourceTree = BUILT_PRODUCTS_DIR; };
		3465D1E5255985AB001D119F /* FirstAppTests.swift */ = {isa = PBXFileReference; lastKnownFileType = sourcecode.swift; path = FirstAppTests.swift; sourceTree = "<group>"; };
		3465D1E7255985AB001D119F /* Info.plist */ = {isa = PBXFileReference; lastKnownFileType = text.plist.xml; path = Info.plist; sourceTree = "<group>"; };
		3465D1EC255985AB001D119F /* FirstAppUITests.xctest */ = {isa = PBXFileReference; explicitFileType = wrapper.cfbundle; includeInIndex = 0; path = FirstAppUITests.xctest; sourceTree = BUILT_PRODUCTS_DIR; };
		3465D1F0255985AB001D119F /* FirstAppUITests.swift */ = {isa = PBXFileReference; lastKnownFileType = sourcecode.swift; path = FirstAppUITests.swift; sourceTree = "<group>"; };
		3465D1F2255985AB001D119F /* Info.plist */ = {isa = PBXFileReference; lastKnownFileType = text.plist.xml; path = Info.plist; sourceTree = "<group>"; };
		3465D20925598723001D119F /* CircleImage.swift */ = {isa = PBXFileReference; lastKnownFileType = sourcecode.swift; path = CircleImage.swift; sourceTree = "<group>"; };
		3465D20E255987BE001D119F /* MapView.swift */ = {isa = PBXFileReference; lastKnownFileType = sourcecode.swift; path = MapView.swift; sourceTree = "<group>"; };
		3465D21425598975001D119F /* Landmark.swift */ = {isa = PBXFileReference; lastKnownFileType = sourcecode.swift; path = Landmark.swift; sourceTree = "<group>"; };
		3465D21E25598B87001D119F /* landmarkData.json */ = {isa = PBXFileReference; fileEncoding = 4; lastKnownFileType = text.json; name = landmarkData.json; path = ../../../../../Downloads/BuildingListsAndNavigation/Complete/Landmarks/Landmarks/Resources/landmarkData.json; sourceTree = "<group>"; };
		3465D23A25598B98001D119F /* Data.swift */ = {isa = PBXFileReference; fileEncoding = 4; lastKnownFileType = sourcecode.swift; name = Data.swift; path = ../../../../../Downloads/BuildingListsAndNavigation/Complete/Landmarks/Landmarks/Models/Data.swift; sourceTree = "<group>"; };
		3465D24225598C35001D119F /* LandmarkRow.swift */ = {isa = PBXFileReference; lastKnownFileType = sourcecode.swift; path = LandmarkRow.swift; sourceTree = "<group>"; };
		3465D24725598CBF001D119F /* LandmarkList.swift */ = {isa = PBXFileReference; lastKnownFileType = sourcecode.swift; path = LandmarkList.swift; sourceTree = "<group>"; };
		3465D27B2559B4BD001D119F /* lakemcdonald.jpg */ = {isa = PBXFileReference; lastKnownFileType = image.jpeg; path = lakemcdonald.jpg; sourceTree = "<group>"; };
		3465D27C2559B4BD001D119F /* hiddenlake.jpg */ = {isa = PBXFileReference; lastKnownFileType = image.jpeg; path = hiddenlake.jpg; sourceTree = "<group>"; };
		3465D27D2559B4BD001D119F /* chincoteague.jpg */ = {isa = PBXFileReference; lastKnownFileType = image.jpeg; path = chincoteague.jpg; sourceTree = "<group>"; };
		3465D27E2559B4BD001D119F /* silversalmoncreek.jpg */ = {isa = PBXFileReference; lastKnownFileType = image.jpeg; path = silversalmoncreek.jpg; sourceTree = "<group>"; };
		3465D27F2559B4BD001D119F /* stmarylake.jpg */ = {isa = PBXFileReference; lastKnownFileType = image.jpeg; path = stmarylake.jpg; sourceTree = "<group>"; };
		3465D2802559B4BD001D119F /* turtlerock.jpg */ = {isa = PBXFileReference; lastKnownFileType = image.jpeg; path = turtlerock.jpg; sourceTree = "<group>"; };
		3465D2812559B4BE001D119F /* twinlake.jpg */ = {isa = PBXFileReference; lastKnownFileType = image.jpeg; path = twinlake.jpg; sourceTree = "<group>"; };
		3465D2822559B4BE001D119F /* umbagog.jpg */ = {isa = PBXFileReference; lastKnownFileType = image.jpeg; path = umbagog.jpg; sourceTree = "<group>"; };
		3465D2832559B4BE001D119F /* chilkoottrail.jpg */ = {isa = PBXFileReference; lastKnownFileType = image.jpeg; path = chilkoottrail.jpg; sourceTree = "<group>"; };
		3465D2842559B4BE001D119F /* icybay.jpg */ = {isa = PBXFileReference; lastKnownFileType = image.jpeg; path = icybay.jpg; sourceTree = "<group>"; };
		3465D2852559B4BE001D119F /* charleyrivers.jpg */ = {isa = PBXFileReference; lastKnownFileType = image.jpeg; path = charleyrivers.jpg; sourceTree = "<group>"; };
		3465D2862559B4BE001D119F /* rainbowlake.jpg */ = {isa = PBXFileReference; lastKnownFileType = image.jpeg; path = rainbowlake.jpg; sourceTree = "<group>"; };
		3465D296255A32B7001D119F /* UserData.swift */ = {isa = PBXFileReference; lastKnownFileType = sourcecode.swift; path = UserData.swift; sourceTree = "<group>"; };
		3465D29B255A3517001D119F /* AppDelegate.swift */ = {isa = PBXFileReference; lastKnownFileType = sourcecode.swift; path = AppDelegate.swift; sourceTree = "<group>"; };
		3465D2A0255A3539001D119F /* SceneDelegate.swift */ = {isa = PBXFileReference; lastKnownFileType = sourcecode.swift; path = SceneDelegate.swift; sourceTree = "<group>"; };
		3465D2B9255AEBCF001D119F /* TestView1.swift */ = {isa = PBXFileReference; lastKnownFileType = sourcecode.swift; path = TestView1.swift; sourceTree = "<group>"; };
		3465D2C1255AEBDA001D119F /* TestView2.swift */ = {isa = PBXFileReference; lastKnownFileType = sourcecode.swift; path = TestView2.swift; sourceTree = "<group>"; };
/* End PBXFileReference section */

/* Begin PBXFrameworksBuildPhase section */
		3465D1CD255985A8001D119F /* Frameworks */ = {
			isa = PBXFrameworksBuildPhase;
			buildActionMask = 2147483647;
			files = (
			);
			runOnlyForDeploymentPostprocessing = 0;
		};
		3465D1DE255985AB001D119F /* Frameworks */ = {
			isa = PBXFrameworksBuildPhase;
			buildActionMask = 2147483647;
			files = (
			);
			runOnlyForDeploymentPostprocessing = 0;
		};
		3465D1E9255985AB001D119F /* Frameworks */ = {
			isa = PBXFrameworksBuildPhase;
			buildActionMask = 2147483647;
			files = (
			);
			runOnlyForDeploymentPostprocessing = 0;
		};
/* End PBXFrameworksBuildPhase section */

/* Begin PBXGroup section */
		3465D1C7255985A8001D119F = {
			isa = PBXGroup;
			children = (
				3465D1D2255985A8001D119F /* FirstApp */,
				3465D1E4255985AB001D119F /* FirstAppTests */,
				3465D1EF255985AB001D119F /* FirstAppUITests */,
				3465D1D1255985A8001D119F /* Products */,
			);
			sourceTree = "<group>";
		};
		3465D1D1255985A8001D119F /* Products */ = {
			isa = PBXGroup;
			children = (
				3465D1D0255985A8001D119F /* FirstApp.app */,
				3465D1E1255985AB001D119F /* FirstAppTests.xctest */,
				3465D1EC255985AB001D119F /* FirstAppUITests.xctest */,
			);
			name = Products;
			sourceTree = "<group>";
		};
		3465D1D2255985A8001D119F /* FirstApp */ = {
			isa = PBXGroup;
			children = (
				3465D2B8255AEBC4001D119F /* Test */,
				3465D21C25598B77001D119F /* Resources */,
				3465D21325598909001D119F /* Models */,
				3465D2B4255AE82A001D119F /* Supporting Views */,
				3465D1D3255985A8001D119F /* FirstApp.swift */,
				3465D24725598CBF001D119F /* LandmarkList.swift */,
				3465D1D5255985A8001D119F /* LandmarkDetail.swift */,
				3465D29B255A3517001D119F /* AppDelegate.swift */,
				3465D2A0255A3539001D119F /* SceneDelegate.swift */,
				3465D1DC255985AA001D119F /* Info.plist */,
				3465D1D7255985AA001D119F /* Assets.xcassets */,
				3465D1D9255985AA001D119F /* Preview Content */,
			);
			path = FirstApp;
			sourceTree = "<group>";
		};
		3465D1D9255985AA001D119F /* Preview Content */ = {
			isa = PBXGroup;
			children = (
				3465D1DA255985AA001D119F /* Preview Assets.xcassets */,
			);
			path = "Preview Content";
			sourceTree = "<group>";
		};
		3465D1E4255985AB001D119F /* FirstAppTests */ = {
			isa = PBXGroup;
			children = (
				3465D1E5255985AB001D119F /* FirstAppTests.swift */,
				3465D1E7255985AB001D119F /* Info.plist */,
			);
			path = FirstAppTests;
			sourceTree = "<group>";
		};
		3465D1EF255985AB001D119F /* FirstAppUITests */ = {
			isa = PBXGroup;
			children = (
				3465D1F0255985AB001D119F /* FirstAppUITests.swift */,
				3465D1F2255985AB001D119F /* Info.plist */,
			);
			path = FirstAppUITests;
			sourceTree = "<group>";
		};
		3465D21325598909001D119F /* Models */ = {
			isa = PBXGroup;
			children = (
				3465D23A25598B98001D119F /* Data.swift */,
				3465D21425598975001D119F /* Landmark.swift */,
				3465D296255A32B7001D119F /* UserData.swift */,
			);
			path = Models;
			sourceTree = "<group>";
		};
		3465D21C25598B77001D119F /* Resources */ = {
			isa = PBXGroup;
			children = (
				3465D2852559B4BE001D119F /* charleyrivers.jpg */,
				3465D2832559B4BE001D119F /* chilkoottrail.jpg */,
				3465D27D2559B4BD001D119F /* chincoteague.jpg */,
				3465D27C2559B4BD001D119F /* hiddenlake.jpg */,
				3465D2842559B4BE001D119F /* icybay.jpg */,
				3465D27B2559B4BD001D119F /* lakemcdonald.jpg */,
				3465D2862559B4BE001D119F /* rainbowlake.jpg */,
				3465D27E2559B4BD001D119F /* silversalmoncreek.jpg */,
				3465D27F2559B4BD001D119F /* stmarylake.jpg */,
				3465D2802559B4BD001D119F /* turtlerock.jpg */,
				3465D2812559B4BE001D119F /* twinlake.jpg */,
				3465D2822559B4BE001D119F /* umbagog.jpg */,
				3465D21E25598B87001D119F /* landmarkData.json */,
			);
			path = Resources;
			sourceTree = "<group>";
		};
		3465D2B4255AE82A001D119F /* Supporting Views */ = {
			isa = PBXGroup;
			children = (
				3465D20925598723001D119F /* CircleImage.swift */,
				3465D20E255987BE001D119F /* MapView.swift */,
				3465D24225598C35001D119F /* LandmarkRow.swift */,
			);
			path = "Supporting Views";
			sourceTree = "<group>";
		};
		3465D2B8255AEBC4001D119F /* Test */ = {
			isa = PBXGroup;
			children = (
				3465D2B9255AEBCF001D119F /* TestView1.swift */,
				3465D2C1255AEBDA001D119F /* TestView2.swift */,
			);
			path = Test;
			sourceTree = "<group>";
		};
/* End PBXGroup section */

/* Begin PBXNativeTarget section */
		3465D1CF255985A8001D119F /* FirstApp */ = {
			isa = PBXNativeTarget;
			buildConfigurationList = 3465D1F5255985AB001D119F /* Build configuration list for PBXNativeTarget "FirstApp" */;
			buildPhases = (
				3465D1CC255985A8001D119F /* Sources */,
				3465D1CD255985A8001D119F /* Frameworks */,
				3465D1CE255985A8001D119F /* Resources */,
			);
			buildRules = (
			);
			dependencies = (
			);
			name = FirstApp;
			productName = FirstApp;
			productReference = 3465D1D0255985A8001D119F /* FirstApp.app */;
			productType = "com.apple.product-type.application";
		};
		3465D1E0255985AB001D119F /* FirstAppTests */ = {
			isa = PBXNativeTarget;
			buildConfigurationList = 3465D1F8255985AB001D119F /* Build configuration list for PBXNativeTarget "FirstAppTests" */;
			buildPhases = (
				3465D1DD255985AB001D119F /* Sources */,
				3465D1DE255985AB001D119F /* Frameworks */,
				3465D1DF255985AB001D119F /* Resources */,
			);
			buildRules = (
			);
			dependencies = (
				3465D1E3255985AB001D119F /* PBXTargetDependency */,
			);
			name = FirstAppTests;
			productName = FirstAppTests;
			productReference = 3465D1E1255985AB001D119F /* FirstAppTests.xctest */;
			productType = "com.apple.product-type.bundle.unit-test";
		};
		3465D1EB255985AB001D119F /* FirstAppUITests */ = {
			isa = PBXNativeTarget;
			buildConfigurationList = 3465D1FB255985AB001D119F /* Build configuration list for PBXNativeTarget "FirstAppUITests" */;
			buildPhases = (
				3465D1E8255985AB001D119F /* Sources */,
				3465D1E9255985AB001D119F /* Frameworks */,
				3465D1EA255985AB001D119F /* Resources */,
			);
			buildRules = (
			);
			dependencies = (
				3465D1EE255985AB001D119F /* PBXTargetDependency */,
			);
			name = FirstAppUITests;
			productName = FirstAppUITests;
			productReference = 3465D1EC255985AB001D119F /* FirstAppUITests.xctest */;
			productType = "com.apple.product-type.bundle.ui-testing";
		};
/* End PBXNativeTarget section */

/* Begin PBXProject section */
		3465D1C8255985A8001D119F /* Project object */ = {
			isa = PBXProject;
			attributes = {
				LastSwiftUpdateCheck = 1210;
				LastUpgradeCheck = 1210;
				TargetAttributes = {
					3465D1CF255985A8001D119F = {
						CreatedOnToolsVersion = 12.1;
					};
					3465D1E0255985AB001D119F = {
						CreatedOnToolsVersion = 12.1;
						TestTargetID = 3465D1CF255985A8001D119F;
					};
					3465D1EB255985AB001D119F = {
						CreatedOnToolsVersion = 12.1;
						TestTargetID = 3465D1CF255985A8001D119F;
					};
				};
			};
			buildConfigurationList = 3465D1CB255985A8001D119F /* Build configuration list for PBXProject "FirstApp" */;
			compatibilityVersion = "Xcode 9.3";
			developmentRegion = en;
			hasScannedForEncodings = 0;
			knownRegions = (
				en,
				Base,
			);
			mainGroup = 3465D1C7255985A8001D119F;
			productRefGroup = 3465D1D1255985A8001D119F /* Products */;
			projectDirPath = "";
			projectRoot = "";
			targets = (
				3465D1CF255985A8001D119F /* FirstApp */,
				3465D1E0255985AB001D119F /* FirstAppTests */,
				3465D1EB255985AB001D119F /* FirstAppUITests */,
			);
		};
/* End PBXProject section */

/* Begin PBXResourcesBuildPhase section */
		3465D1CE255985A8001D119F /* Resources */ = {
			isa = PBXResourcesBuildPhase;
			buildActionMask = 2147483647;
			files = (
				3465D2892559B4BE001D119F /* chincoteague.jpg in Resources */,
				3465D2922559B4BE001D119F /* rainbowlake.jpg in Resources */,
				3465D28F2559B4BE001D119F /* chilkoottrail.jpg in Resources */,
				3465D2902559B4BE001D119F /* icybay.jpg in Resources */,
				3465D22B25598B88001D119F /* landmarkData.json in Resources */,
				3465D28C2559B4BE001D119F /* turtlerock.jpg in Resources */,
				3465D28B2559B4BE001D119F /* stmarylake.jpg in Resources */,
				3465D1DB255985AA001D119F /* Preview Assets.xcassets in Resources */,
				3465D2912559B4BE001D119F /* charleyrivers.jpg in Resources */,
				3465D2872559B4BE001D119F /* lakemcdonald.jpg in Resources */,
				3465D28D2559B4BE001D119F /* twinlake.jpg in Resources */,
				3465D28A2559B4BE001D119F /* silversalmoncreek.jpg in Resources */,
				3465D2882559B4BE001D119F /* hiddenlake.jpg in Resources */,
				3465D28E2559B4BE001D119F /* umbagog.jpg in Resources */,
				3465D1D8255985AA001D119F /* Assets.xcassets in Resources */,
			);
			runOnlyForDeploymentPostprocessing = 0;
		};
		3465D1DF255985AB001D119F /* Resources */ = {
			isa = PBXResourcesBuildPhase;
			buildActionMask = 2147483647;
			files = (
			);
			runOnlyForDeploymentPostprocessing = 0;
		};
		3465D1EA255985AB001D119F /* Resources */ = {
			isa = PBXResourcesBuildPhase;
			buildActionMask = 2147483647;
			files = (
			);
			runOnlyForDeploymentPostprocessing = 0;
		};
/* End PBXResourcesBuildPhase section */

/* Begin PBXSourcesBuildPhase section */
		3465D1CC255985A8001D119F /* Sources */ = {
			isa = PBXSourcesBuildPhase;
			buildActionMask = 2147483647;
			files = (
				3465D1D6255985A8001D119F /* LandmarkDetail.swift in Sources */,
				3465D23B25598B98001D119F /* Data.swift in Sources */,
				3465D20F255987BE001D119F /* MapView.swift in Sources */,
				3465D297255A32B7001D119F /* UserData.swift in Sources */,
				3465D2C2255AEBDA001D119F /* TestView2.swift in Sources */,
				3465D24825598CBF001D119F /* LandmarkList.swift in Sources */,
				3465D1D4255985A8001D119F /* FirstApp.swift in Sources */,
				3465D2BA255AEBCF001D119F /* TestView1.swift in Sources */,
				3465D20A25598723001D119F /* CircleImage.swift in Sources */,
				3465D2A1255A3539001D119F /* SceneDelegate.swift in Sources */,
				3465D24325598C35001D119F /* LandmarkRow.swift in Sources */,
				3465D29C255A3517001D119F /* AppDelegate.swift in Sources */,
				3465D21525598975001D119F /* Landmark.swift in Sources */,
			);
			runOnlyForDeploymentPostprocessing = 0;
		};
		3465D1DD255985AB001D119F /* Sources */ = {
			isa = PBXSourcesBuildPhase;
			buildActionMask = 2147483647;
			files = (
				3465D1E6255985AB001D119F /* FirstAppTests.swift in Sources */,
			);
			runOnlyForDeploymentPostprocessing = 0;
		};
		3465D1E8255985AB001D119F /* Sources */ = {
			isa = PBXSourcesBuildPhase;
			buildActionMask = 2147483647;
			files = (
				3465D1F1255985AB001D119F /* FirstAppUITests.swift in Sources */,
			);
			runOnlyForDeploymentPostprocessing = 0;
		};
/* End PBXSourcesBuildPhase section */

/* Begin PBXTargetDependency section */
		3465D1E3255985AB001D119F /* PBXTargetDependency */ = {
			isa = PBXTargetDependency;
			target = 3465D1CF255985A8001D119F /* FirstApp */;
			targetProxy = 3465D1E2255985AB001D119F /* PBXContainerItemProxy */;
		};
		3465D1EE255985AB001D119F /* PBXTargetDependency */ = {
			isa = PBXTargetDependency;
			target = 3465D1CF255985A8001D119F /* FirstApp */;
			targetProxy = 3465D1ED255985AB001D119F /* PBXContainerItemProxy */;
		};
/* End PBXTargetDependency section */

/* Begin XCBuildConfiguration section */
		3465D1F3255985AB001D119F /* Debug */ = {
			isa = XCBuildConfiguration;
			buildSettings = {
				ALWAYS_SEARCH_USER_PATHS = NO;
				CLANG_ANALYZER_NONNULL = YES;
				CLANG_ANALYZER_NUMBER_OBJECT_CONVERSION = YES_AGGRESSIVE;
				CLANG_CXX_LANGUAGE_STANDARD = "gnu++14";
				CLANG_CXX_LIBRARY = "libc++";
				CLANG_ENABLE_MODULES = YES;
				CLANG_ENABLE_OBJC_ARC = YES;
				CLANG_ENABLE_OBJC_WEAK = YES;
				CLANG_WARN_BLOCK_CAPTURE_AUTORELEASING = YES;
				CLANG_WARN_BOOL_CONVERSION = YES;
				CLANG_WARN_COMMA = YES;
				CLANG_WARN_CONSTANT_CONVERSION = YES;
				CLANG_WARN_DEPRECATED_OBJC_IMPLEMENTATIONS = YES;
				CLANG_WARN_DIRECT_OBJC_ISA_USAGE = YES_ERROR;
				CLANG_WARN_DOCUMENTATION_COMMENTS = YES;
				CLANG_WARN_EMPTY_BODY = YES;
				CLANG_WARN_ENUM_CONVERSION = YES;
				CLANG_WARN_INFINITE_RECURSION = YES;
				CLANG_WARN_INT_CONVERSION = YES;
				CLANG_WARN_NON_LITERAL_NULL_CONVERSION = YES;
				CLANG_WARN_OBJC_IMPLICIT_RETAIN_SELF = YES;
				CLANG_WARN_OBJC_LITERAL_CONVERSION = YES;
				CLANG_WARN_OBJC_ROOT_CLASS = YES_ERROR;
				CLANG_WARN_QUOTED_INCLUDE_IN_FRAMEWORK_HEADER = YES;
				CLANG_WARN_RANGE_LOOP_ANALYSIS = YES;
				CLANG_WARN_STRICT_PROTOTYPES = YES;
				CLANG_WARN_SUSPICIOUS_MOVE = YES;
				CLANG_WARN_UNGUARDED_AVAILABILITY = YES_AGGRESSIVE;
				CLANG_WARN_UNREACHABLE_CODE = YES;
				CLANG_WARN__DUPLICATE_METHOD_MATCH = YES;
				COPY_PHASE_STRIP = NO;
				DEBUG_INFORMATION_FORMAT = dwarf;
				ENABLE_STRICT_OBJC_MSGSEND = YES;
				ENABLE_TESTABILITY = YES;
				GCC_C_LANGUAGE_STANDARD = gnu11;
				GCC_DYNAMIC_NO_PIC = NO;
				GCC_NO_COMMON_BLOCKS = YES;
				GCC_OPTIMIZATION_LEVEL = 0;
				GCC_PREPROCESSOR_DEFINITIONS = (
					"DEBUG=1",
					"$(inherited)",
				);
				GCC_WARN_64_TO_32_BIT_CONVERSION = YES;
				GCC_WARN_ABOUT_RETURN_TYPE = YES_ERROR;
				GCC_WARN_UNDECLARED_SELECTOR = YES;
				GCC_WARN_UNINITIALIZED_AUTOS = YES_AGGRESSIVE;
				GCC_WARN_UNUSED_FUNCTION = YES;
				GCC_WARN_UNUSED_VARIABLE = YES;
				IPHONEOS_DEPLOYMENT_TARGET = 14.1;
				MTL_ENABLE_DEBUG_INFO = INCLUDE_SOURCE;
				MTL_FAST_MATH = YES;
				ONLY_ACTIVE_ARCH = YES;
				SDKROOT = iphoneos;
				SWIFT_ACTIVE_COMPILATION_CONDITIONS = DEBUG;
				SWIFT_OPTIMIZATION_LEVEL = "-Onone";
			};
			name = Debug;
		};
		3465D1F4255985AB001D119F /* Release */ = {
			isa = XCBuildConfiguration;
			buildSettings = {
				ALWAYS_SEARCH_USER_PATHS = NO;
				CLANG_ANALYZER_NONNULL = YES;
				CLANG_ANALYZER_NUMBER_OBJECT_CONVERSION = YES_AGGRESSIVE;
				CLANG_CXX_LANGUAGE_STANDARD = "gnu++14";
				CLANG_CXX_LIBRARY = "libc++";
				CLANG_ENABLE_MODULES = YES;
				CLANG_ENABLE_OBJC_ARC = YES;
				CLANG_ENABLE_OBJC_WEAK = YES;
				CLANG_WARN_BLOCK_CAPTURE_AUTORELEASING = YES;
				CLANG_WARN_BOOL_CONVERSION = YES;
				CLANG_WARN_COMMA = YES;
				CLANG_WARN_CONSTANT_CONVERSION = YES;
				CLANG_WARN_DEPRECATED_OBJC_IMPLEMENTATIONS = YES;
				CLANG_WARN_DIRECT_OBJC_ISA_USAGE = YES_ERROR;
				CLANG_WARN_DOCUMENTATION_COMMENTS = YES;
				CLANG_WARN_EMPTY_BODY = YES;
				CLANG_WARN_ENUM_CONVERSION = YES;
				CLANG_WARN_INFINITE_RECURSION = YES;
				CLANG_WARN_INT_CONVERSION = YES;
				CLANG_WARN_NON_LITERAL_NULL_CONVERSION = YES;
				CLANG_WARN_OBJC_IMPLICIT_RETAIN_SELF = YES;
				CLANG_WARN_OBJC_LITERAL_CONVERSION = YES;
				CLANG_WARN_OBJC_ROOT_CLASS = YES_ERROR;
				CLANG_WARN_QUOTED_INCLUDE_IN_FRAMEWORK_HEADER = YES;
				CLANG_WARN_RANGE_LOOP_ANALYSIS = YES;
				CLANG_WARN_STRICT_PROTOTYPES = YES;
				CLANG_WARN_SUSPICIOUS_MOVE = YES;
				CLANG_WARN_UNGUARDED_AVAILABILITY = YES_AGGRESSIVE;
				CLANG_WARN_UNREACHABLE_CODE = YES;
				CLANG_WARN__DUPLICATE_METHOD_MATCH = YES;
				COPY_PHASE_STRIP = NO;
				DEBUG_INFORMATION_FORMAT = "dwarf-with-dsym";
				ENABLE_NS_ASSERTIONS = NO;
				ENABLE_STRICT_OBJC_MSGSEND = YES;
				GCC_C_LANGUAGE_STANDARD = gnu11;
				GCC_NO_COMMON_BLOCKS = YES;
				GCC_WARN_64_TO_32_BIT_CONVERSION = YES;
				GCC_WARN_ABOUT_RETURN_TYPE = YES_ERROR;
				GCC_WARN_UNDECLARED_SELECTOR = YES;
				GCC_WARN_UNINITIALIZED_AUTOS = YES_AGGRESSIVE;
				GCC_WARN_UNUSED_FUNCTION = YES;
				GCC_WARN_UNUSED_VARIABLE = YES;
				IPHONEOS_DEPLOYMENT_TARGET = 14.1;
				MTL_ENABLE_DEBUG_INFO = NO;
				MTL_FAST_MATH = YES;
				SDKROOT = iphoneos;
				SWIFT_COMPILATION_MODE = wholemodule;
				SWIFT_OPTIMIZATION_LEVEL = "-O";
				VALIDATE_PRODUCT = YES;
			};
			name = Release;
		};
		3465D1F6255985AB001D119F /* Debug */ = {
			isa = XCBuildConfiguration;
			buildSettings = {
				ASSETCATALOG_COMPILER_APPICON_NAME = AppIcon;
				ASSETCATALOG_COMPILER_GLOBAL_ACCENT_COLOR_NAME = AccentColor;
				CODE_SIGN_STYLE = Automatic;
				DEVELOPMENT_ASSET_PATHS = "\"FirstApp/Preview Content\"";
				DEVELOPMENT_TEAM = HPRL67P7XP;
				ENABLE_PREVIEWS = YES;
				INFOPLIST_FILE = FirstApp/Info.plist;
				IPHONEOS_DEPLOYMENT_TARGET = 14.0;
				LD_RUNPATH_SEARCH_PATHS = (
					"$(inherited)",
					"@executable_path/Frameworks",
				);
				PRODUCT_BUNDLE_IDENTIFIER = com.oognus.FirstApp;
				PRODUCT_NAME = "$(TARGET_NAME)";
				SWIFT_VERSION = 5.0;
				TARGETED_DEVICE_FAMILY = "1,2";
			};
			name = Debug;
		};
		3465D1F7255985AB001D119F /* Release */ = {
			isa = XCBuildConfiguration;
			buildSettings = {
				ASSETCATALOG_COMPILER_APPICON_NAME = AppIcon;
				ASSETCATALOG_COMPILER_GLOBAL_ACCENT_COLOR_NAME = AccentColor;
				CODE_SIGN_STYLE = Automatic;
				DEVELOPMENT_ASSET_PATHS = "\"FirstApp/Preview Content\"";
				DEVELOPMENT_TEAM = HPRL67P7XP;
				ENABLE_PREVIEWS = YES;
				INFOPLIST_FILE = FirstApp/Info.plist;
				IPHONEOS_DEPLOYMENT_TARGET = 14.0;
				LD_RUNPATH_SEARCH_PATHS = (
					"$(inherited)",
					"@executable_path/Frameworks",
				);
				PRODUCT_BUNDLE_IDENTIFIER = com.oognus.FirstApp;
				PRODUCT_NAME = "$(TARGET_NAME)";
				SWIFT_VERSION = 5.0;
				TARGETED_DEVICE_FAMILY = "1,2";
			};
			name = Release;
		};
		3465D1F9255985AB001D119F /* Debug */ = {
			isa = XCBuildConfiguration;
			buildSettings = {
				ALWAYS_EMBED_SWIFT_STANDARD_LIBRARIES = YES;
				BUNDLE_LOADER = "$(TEST_HOST)";
				CODE_SIGN_STYLE = Automatic;
				DEVELOPMENT_TEAM = HPRL67P7XP;
				INFOPLIST_FILE = FirstAppTests/Info.plist;
				IPHONEOS_DEPLOYMENT_TARGET = 14.0;
				LD_RUNPATH_SEARCH_PATHS = (
					"$(inherited)",
					"@executable_path/Frameworks",
					"@loader_path/Frameworks",
				);
				PRODUCT_BUNDLE_IDENTIFIER = com.oognus.FirstAppTests;
				PRODUCT_NAME = "$(TARGET_NAME)";
				SWIFT_VERSION = 5.0;
				TARGETED_DEVICE_FAMILY = "1,2";
				TEST_HOST = "$(BUILT_PRODUCTS_DIR)/FirstApp.app/FirstApp";
			};
			name = Debug;
		};
		3465D1FA255985AB001D119F /* Release */ = {
			isa = XCBuildConfiguration;
			buildSettings = {
				ALWAYS_EMBED_SWIFT_STANDARD_LIBRARIES = YES;
				BUNDLE_LOADER = "$(TEST_HOST)";
				CODE_SIGN_STYLE = Automatic;
				DEVELOPMENT_TEAM = HPRL67P7XP;
				INFOPLIST_FILE = FirstAppTests/Info.plist;
				IPHONEOS_DEPLOYMENT_TARGET = 14.0;
				LD_RUNPATH_SEARCH_PATHS = (
					"$(inherited)",
					"@executable_path/Frameworks",
					"@loader_path/Frameworks",
				);
				PRODUCT_BUNDLE_IDENTIFIER = com.oognus.FirstAppTests;
				PRODUCT_NAME = "$(TARGET_NAME)";
				SWIFT_VERSION = 5.0;
				TARGETED_DEVICE_FAMILY = "1,2";
				TEST_HOST = "$(BUILT_PRODUCTS_DIR)/FirstApp.app/FirstApp";
			};
			name = Release;
		};
		3465D1FC255985AB001D119F /* Debug */ = {
			isa = XCBuildConfiguration;
			buildSettings = {
				ALWAYS_EMBED_SWIFT_STANDARD_LIBRARIES = YES;
				CODE_SIGN_STYLE = Automatic;
				DEVELOPMENT_TEAM = HPRL67P7XP;
				INFOPLIST_FILE = FirstAppUITests/Info.plist;
				LD_RUNPATH_SEARCH_PATHS = (
					"$(inherited)",
					"@executable_path/Frameworks",
					"@loader_path/Frameworks",
				);
				PRODUCT_BUNDLE_IDENTIFIER = com.oognus.FirstAppUITests;
				PRODUCT_NAME = "$(TARGET_NAME)";
				SWIFT_VERSION = 5.0;
				TARGETED_DEVICE_FAMILY = "1,2";
				TEST_TARGET_NAME = FirstApp;
			};
			name = Debug;
		};
		3465D1FD255985AB001D119F /* Release */ = {
			isa = XCBuildConfiguration;
			buildSettings = {
				ALWAYS_EMBED_SWIFT_STANDARD_LIBRARIES = YES;
				CODE_SIGN_STYLE = Automatic;
				DEVELOPMENT_TEAM = HPRL67P7XP;
				INFOPLIST_FILE = FirstAppUITests/Info.plist;
				LD_RUNPATH_SEARCH_PATHS = (
					"$(inherited)",
					"@executable_path/Frameworks",
					"@loader_path/Frameworks",
				);
				PRODUCT_BUNDLE_IDENTIFIER = com.oognus.FirstAppUITests;
				PRODUCT_NAME = "$(TARGET_NAME)";
				SWIFT_VERSION = 5.0;
				TARGETED_DEVICE_FAMILY = "1,2";
				TEST_TARGET_NAME = FirstApp;
			};
			name = Release;
		};
/* End XCBuildConfiguration section */

/* Begin XCConfigurationList section */
		3465D1CB255985A8001D119F /* Build configuration list for PBXProject "FirstApp" */ = {
			isa = XCConfigurationList;
			buildConfigurations = (
				3465D1F3255985AB001D119F /* Debug */,
				3465D1F4255985AB001D119F /* Release */,
			);
			defaultConfigurationIsVisible = 0;
			defaultConfigurationName = Release;
		};
		3465D1F5255985AB001D119F /* Build configuration list for PBXNativeTarget "FirstApp" */ = {
			isa = XCConfigurationList;
			buildConfigurations = (
				3465D1F6255985AB001D119F /* Debug */,
				3465D1F7255985AB001D119F /* Release */,
			);
			defaultConfigurationIsVisible = 0;
			defaultConfigurationName = Release;
		};
		3465D1F8255985AB001D119F /* Build configuration list for PBXNativeTarget "FirstAppTests" */ = {
			isa = XCConfigurationList;
			buildConfigurations = (
				3465D1F9255985AB001D119F /* Debug */,
				3465D1FA255985AB001D119F /* Release */,
			);
			defaultConfigurationIsVisible = 0;
			defaultConfigurationName = Release;
		};
		3465D1FB255985AB001D119F /* Build configuration list for PBXNativeTarget "FirstAppUITests" */ = {
			isa = XCConfigurationList;
			buildConfigurations = (
				3465D1FC255985AB001D119F /* Debug */,
				3465D1FD255985AB001D119F /* Release */,
			);
			defaultConfigurationIsVisible = 0;
			defaultConfigurationName = Release;
		};
/* End XCConfigurationList section */
	};
	rootObject = 3465D1C8255985A8001D119F /* Project object */;
}
