{
  "object": {
    "pins": [
      {
        "package": "BottomSheet",
        "repositoryURL": "https://github.com/weitieda/bottom-sheet.git",
        "state": {
          "branch": null,
          "revision": "1a63cc3d68573e2b8c7d5e65ec2e15c49c2c2aef",
          "version": "1.0.5"
        }
      },
      {
        "package": "PartialSheet",
        "repositoryURL": "https://github.com/AndreaMiotto/PartialSheet.git",
        "state": {
          "branch": null,
          "revision": "936465232b6399e402e79d5b031622af9a5e9960",
          "version": "2.1.11"
        }
      }
    ]
  },
  "version": 1
}
